{
  "name": "gradlesorternode",
  "version": "1.0.0",
  "lockfileVersion": 3,
  "requires": true,
  "packages": {
    "": {
      "name": "gradlesorternode",
      "version": "1.0.0",
      "license": "ISC",
      "dependencies": {
        "fs": "^0.0.1-security",
        "gradle-to-js": "^2.0.1"
      }
    },
    "node_modules/fs": {
      "version": "0.0.1-security",
      "resolved": "https://registry.npmjs.org/fs/-/fs-0.0.1-security.tgz",
      "integrity": "sha512-3XY9e1pP0CVEUCdj5BmfIZxRBTSDycnbqhIOGec9QYtmVH2fbLpj86CFWkrNOkt/Fvty4KZG5lTglL9j/gJ87w=="
    },
    "node_modules/gradle-to-js": {
      "version": "2.0.1",
      "resolved": "https://registry.npmjs.org/gradle-to-js/-/gradle-to-js-2.0.1.tgz",
      "integrity": "sha512-is3hDn9zb8XXnjbEeAEIqxTpLHUiGBqjegLmXPuyMBfKAggpadWFku4/AP8iYAGBX6qR9/5UIUIp47V0XI3aMw==",
      "dependencies": {
        "lodash.merge": "^4.6.2"
      },
      "bin": {
        "gradle-to-js": "cli.js"
      }
    },
    "node_modules/lodash.merge": {
      "version": "4.6.2",
      "resolved": "https://registry.npmjs.org/lodash.merge/-/lodash.merge-4.6.2.tgz",
      "integrity": "sha512-0KpjqXRVvrYyCsX1swR/XTK0va6VQkQM6MNo7PqW77ByjAhoARA8EfrP1N4+KlKj8YS0ZUCtRT/YUuhyYDujIQ=="
    }
  }
}
